
Microsoft Visual Studio Solution File, Format Version 12.00
# Visual Studio Version 17
VisualStudioVersion = 17.0.31903.59
MinimumVisualStudioVersion = 10.0.40219.1
Project("{2150E333-8FDC-42A3-9474-1A3956D46DE8}") = "Core", "Core", "{FBF56CC3-7AE6-AD2D-3F14-7F97FD322CD6}"
EndProject
Project("{2150E333-8FDC-42A3-9474-1A3956D46DE8}") = "Services", "Services", "{A55D284B-976A-0C82-910B-909765B5476A}"
EndProject
Project("{FAE04EC0-301F-11D3-BF4B-00C04F79EFBC}") = "Core.Services", "Core\Services\Core.Services.csproj", "{E260B43B-3194-43F3-99BF-373AAD46F6B7}"
EndProject
Project("{2150E333-8FDC-42A3-9474-1A3956D46DE8}") = "Domain", "Domain", "{BF9E48C0-540A-8659-238F-508DAA36C929}"
EndProject
Project("{FAE04EC0-301F-11D3-BF4B-00C04F79EFBC}") = "Core.Domain", "Core\Domain\Core.Domain.csproj", "{8B6A0917-B862-4AF2-A437-0FEDEAABC951}"
EndProject
Project("{2150E333-8FDC-42A3-9474-1A3956D46DE8}") = "Abstraction", "Abstraction", "{E0C4294D-EE49-1C3B-E834-BB17C22D3D51}"
EndProject
Project("{FAE04EC0-301F-11D3-BF4B-00C04F79EFBC}") = "Core.Abstraction", "Core\Abstraction\Core.Abstraction.csproj", "{3DC767B9-4881-4B87-9183-E48358E51772}"
EndProject
Project("{2150E333-8FDC-42A3-9474-1A3956D46DE8}") = "Infrastructure", "Infrastructure", "{DFEE68D8-A7D0-1A41-506C-9B74AA9A7B7B}"
EndProject
Project("{2150E333-8FDC-42A3-9474-1A3956D46DE8}") = "Persistence", "Persistence", "{FE6F03B7-E52A-C330-3B18-B788188019C7}"
EndProject
Project("{FAE04EC0-301F-11D3-BF4B-00C04F79EFBC}") = "Infrastructure.Persistence", "Infrastructure\Persistence\Infrastructure.Persistence.csproj", "{A904F47A-5547-4900-8648-0B6B57D54053}"
EndProject
Project("{2150E333-8FDC-42A3-9474-1A3956D46DE8}") = "API", "API", "{D82C56D6-B2CD-F611-9E31-04638F7EC30E}"
EndProject
Project("{FAE04EC0-301F-11D3-BF4B-00C04F79EFBC}") = "Codience.API", "API\Codience.API.csproj", "{E1A2C936-988A-4E77-B0FA-C4362CE35994}"
EndProject
Project("{2150E333-8FDC-42A3-9474-1A3956D46DE8}") = "Presentation", "Presentation", "{21699561-E908-D62C-A7F1-F6B1F5EE9672}"
EndProject
Project("{FAE04EC0-301F-11D3-BF4B-00C04F79EFBC}") = "Infrastructure.Presentation", "Infrastructure\Presentation\Infrastructure.Presentation.csproj", "{4A9BD840-0183-4851-A4F2-DB8BD9A4950B}"
EndProject
Project("{FAE04EC0-301F-11D3-BF4B-00C04F79EFBC}") = "Share", "Share\Share.csproj", "{6C362D55-5256-40EA-BDC7-C56920C1E4A8}"
EndProject
Global
	GlobalSection(SolutionConfigurationPlatforms) = preSolution
		Debug|Any CPU = Debug|Any CPU
		Debug|x64 = Debug|x64
		Debug|x86 = Debug|x86
		Release|Any CPU = Release|Any CPU
		Release|x64 = Release|x64
		Release|x86 = Release|x86
	EndGlobalSection
	GlobalSection(ProjectConfigurationPlatforms) = postSolution
		{E260B43B-3194-43F3-99BF-373AAD46F6B7}.Debug|Any CPU.ActiveCfg = Debug|Any CPU
		{E260B43B-3194-43F3-99BF-373AAD46F6B7}.Debug|Any CPU.Build.0 = Debug|Any CPU
		{E260B43B-3194-43F3-99BF-373AAD46F6B7}.Debug|x64.ActiveCfg = Debug|Any CPU
		{E260B43B-3194-43F3-99BF-373AAD46F6B7}.Debug|x64.Build.0 = Debug|Any CPU
		{E260B43B-3194-43F3-99BF-373AAD46F6B7}.Debug|x86.ActiveCfg = Debug|Any CPU
		{E260B43B-3194-43F3-99BF-373AAD46F6B7}.Debug|x86.Build.0 = Debug|Any CPU
		{E260B43B-3194-43F3-99BF-373AAD46F6B7}.Release|Any CPU.ActiveCfg = Release|Any CPU
		{E260B43B-3194-43F3-99BF-373AAD46F6B7}.Release|Any CPU.Build.0 = Release|Any CPU
		{E260B43B-3194-43F3-99BF-373AAD46F6B7}.Release|x64.ActiveCfg = Release|Any CPU
		{E260B43B-3194-43F3-99BF-373AAD46F6B7}.Release|x64.Build.0 = Release|Any CPU
		{E260B43B-3194-43F3-99BF-373AAD46F6B7}.Release|x86.ActiveCfg = Release|Any CPU
		{E260B43B-3194-43F3-99BF-373AAD46F6B7}.Release|x86.Build.0 = Release|Any CPU
		{8B6A0917-B862-4AF2-A437-0FEDEAABC951}.Debug|Any CPU.ActiveCfg = Debug|Any CPU
		{8B6A0917-B862-4AF2-A437-0FEDEAABC951}.Debug|Any CPU.Build.0 = Debug|Any CPU
		{8B6A0917-B862-4AF2-A437-0FEDEAABC951}.Debug|x64.ActiveCfg = Debug|Any CPU
		{8B6A0917-B862-4AF2-A437-0FEDEAABC951}.Debug|x64.Build.0 = Debug|Any CPU
		{8B6A0917-B862-4AF2-A437-0FEDEAABC951}.Debug|x86.ActiveCfg = Debug|Any CPU
		{8B6A0917-B862-4AF2-A437-0FEDEAABC951}.Debug|x86.Build.0 = Debug|Any CPU
		{8B6A0917-B862-4AF2-A437-0FEDEAABC951}.Release|Any CPU.ActiveCfg = Release|Any CPU
		{8B6A0917-B862-4AF2-A437-0FEDEAABC951}.Release|Any CPU.Build.0 = Release|Any CPU
		{8B6A0917-B862-4AF2-A437-0FEDEAABC951}.Release|x64.ActiveCfg = Release|Any CPU
		{8B6A0917-B862-4AF2-A437-0FEDEAABC951}.Release|x64.Build.0 = Release|Any CPU
		{8B6A0917-B862-4AF2-A437-0FEDEAABC951}.Release|x86.ActiveCfg = Release|Any CPU
		{8B6A0917-B862-4AF2-A437-0FEDEAABC951}.Release|x86.Build.0 = Release|Any CPU
		{3DC767B9-4881-4B87-9183-E48358E51772}.Debug|Any CPU.ActiveCfg = Debug|Any CPU
		{3DC767B9-4881-4B87-9183-E48358E51772}.Debug|Any CPU.Build.0 = Debug|Any CPU
		{3DC767B9-4881-4B87-9183-E48358E51772}.Debug|x64.ActiveCfg = Debug|Any CPU
		{3DC767B9-4881-4B87-9183-E48358E51772}.Debug|x64.Build.0 = Debug|Any CPU
		{3DC767B9-4881-4B87-9183-E48358E51772}.Debug|x86.ActiveCfg = Debug|Any CPU
		{3DC767B9-4881-4B87-9183-E48358E51772}.Debug|x86.Build.0 = Debug|Any CPU
		{3DC767B9-4881-4B87-9183-E48358E51772}.Release|Any CPU.ActiveCfg = Release|Any CPU
		{3DC767B9-4881-4B87-9183-E48358E51772}.Release|Any CPU.Build.0 = Release|Any CPU
		{3DC767B9-4881-4B87-9183-E48358E51772}.Release|x64.ActiveCfg = Release|Any CPU
		{3DC767B9-4881-4B87-9183-E48358E51772}.Release|x64.Build.0 = Release|Any CPU
		{3DC767B9-4881-4B87-9183-E48358E51772}.Release|x86.ActiveCfg = Release|Any CPU
		{3DC767B9-4881-4B87-9183-E48358E51772}.Release|x86.Build.0 = Release|Any CPU
		{A904F47A-5547-4900-8648-0B6B57D54053}.Debug|Any CPU.ActiveCfg = Debug|Any CPU
		{A904F47A-5547-4900-8648-0B6B57D54053}.Debug|Any CPU.Build.0 = Debug|Any CPU
		{A904F47A-5547-4900-8648-0B6B57D54053}.Debug|x64.ActiveCfg = Debug|Any CPU
		{A904F47A-5547-4900-8648-0B6B57D54053}.Debug|x64.Build.0 = Debug|Any CPU
		{A904F47A-5547-4900-8648-0B6B57D54053}.Debug|x86.ActiveCfg = Debug|Any CPU
		{A904F47A-5547-4900-8648-0B6B57D54053}.Debug|x86.Build.0 = Debug|Any CPU
		{A904F47A-5547-4900-8648-0B6B57D54053}.Release|Any CPU.ActiveCfg = Release|Any CPU
		{A904F47A-5547-4900-8648-0B6B57D54053}.Release|Any CPU.Build.0 = Release|Any CPU
		{A904F47A-5547-4900-8648-0B6B57D54053}.Release|x64.ActiveCfg = Release|Any CPU
		{A904F47A-5547-4900-8648-0B6B57D54053}.Release|x64.Build.0 = Release|Any CPU
		{A904F47A-5547-4900-8648-0B6B57D54053}.Release|x86.ActiveCfg = Release|Any CPU
		{A904F47A-5547-4900-8648-0B6B57D54053}.Release|x86.Build.0 = Release|Any CPU
		{E1A2C936-988A-4E77-B0FA-C4362CE35994}.Debug|Any CPU.ActiveCfg = Debug|Any CPU
		{E1A2C936-988A-4E77-B0FA-C4362CE35994}.Debug|Any CPU.Build.0 = Debug|Any CPU
		{E1A2C936-988A-4E77-B0FA-C4362CE35994}.Debug|x64.ActiveCfg = Debug|Any CPU
		{E1A2C936-988A-4E77-B0FA-C4362CE35994}.Debug|x64.Build.0 = Debug|Any CPU
		{E1A2C936-988A-4E77-B0FA-C4362CE35994}.Debug|x86.ActiveCfg = Debug|Any CPU
		{E1A2C936-988A-4E77-B0FA-C4362CE35994}.Debug|x86.Build.0 = Debug|Any CPU
		{E1A2C936-988A-4E77-B0FA-C4362CE35994}.Release|Any CPU.ActiveCfg = Release|Any CPU
		{E1A2C936-988A-4E77-B0FA-C4362CE35994}.Release|Any CPU.Build.0 = Release|Any CPU
		{E1A2C936-988A-4E77-B0FA-C4362CE35994}.Release|x64.ActiveCfg = Release|Any CPU
		{E1A2C936-988A-4E77-B0FA-C4362CE35994}.Release|x64.Build.0 = Release|Any CPU
		{E1A2C936-988A-4E77-B0FA-C4362CE35994}.Release|x86.ActiveCfg = Release|Any CPU
		{E1A2C936-988A-4E77-B0FA-C4362CE35994}.Release|x86.Build.0 = Release|Any CPU
		{4A9BD840-0183-4851-A4F2-DB8BD9A4950B}.Debug|Any CPU.ActiveCfg = Debug|Any CPU
		{4A9BD840-0183-4851-A4F2-DB8BD9A4950B}.Debug|Any CPU.Build.0 = Debug|Any CPU
		{4A9BD840-0183-4851-A4F2-DB8BD9A4950B}.Debug|x64.ActiveCfg = Debug|Any CPU
		{4A9BD840-0183-4851-A4F2-DB8BD9A4950B}.Debug|x64.Build.0 = Debug|Any CPU
		{4A9BD840-0183-4851-A4F2-DB8BD9A4950B}.Debug|x86.ActiveCfg = Debug|Any CPU
		{4A9BD840-0183-4851-A4F2-DB8BD9A4950B}.Debug|x86.Build.0 = Debug|Any CPU
		{4A9BD840-0183-4851-A4F2-DB8BD9A4950B}.Release|Any CPU.ActiveCfg = Release|Any CPU
		{4A9BD840-0183-4851-A4F2-DB8BD9A4950B}.Release|Any CPU.Build.0 = Release|Any CPU
		{4A9BD840-0183-4851-A4F2-DB8BD9A4950B}.Release|x64.ActiveCfg = Release|Any CPU
		{4A9BD840-0183-4851-A4F2-DB8BD9A4950B}.Release|x64.Build.0 = Release|Any CPU
		{4A9BD840-0183-4851-A4F2-DB8BD9A4950B}.Release|x86.ActiveCfg = Release|Any CPU
		{4A9BD840-0183-4851-A4F2-DB8BD9A4950B}.Release|x86.Build.0 = Release|Any CPU
		{6C362D55-5256-40EA-BDC7-C56920C1E4A8}.Debug|Any CPU.ActiveCfg = Debug|Any CPU
		{6C362D55-5256-40EA-BDC7-C56920C1E4A8}.Debug|Any CPU.Build.0 = Debug|Any CPU
		{6C362D55-5256-40EA-BDC7-C56920C1E4A8}.Debug|x64.ActiveCfg = Debug|Any CPU
		{6C362D55-5256-40EA-BDC7-C56920C1E4A8}.Debug|x64.Build.0 = Debug|Any CPU
		{6C362D55-5256-40EA-BDC7-C56920C1E4A8}.Debug|x86.ActiveCfg = Debug|Any CPU
		{6C362D55-5256-40EA-BDC7-C56920C1E4A8}.Debug|x86.Build.0 = Debug|Any CPU
		{6C362D55-5256-40EA-BDC7-C56920C1E4A8}.Release|Any CPU.ActiveCfg = Release|Any CPU
		{6C362D55-5256-40EA-BDC7-C56920C1E4A8}.Release|Any CPU.Build.0 = Release|Any CPU
		{6C362D55-5256-40EA-BDC7-C56920C1E4A8}.Release|x64.ActiveCfg = Release|Any CPU
		{6C362D55-5256-40EA-BDC7-C56920C1E4A8}.Release|x64.Build.0 = Release|Any CPU
		{6C362D55-5256-40EA-BDC7-C56920C1E4A8}.Release|x86.ActiveCfg = Release|Any CPU
		{6C362D55-5256-40EA-BDC7-C56920C1E4A8}.Release|x86.Build.0 = Release|Any CPU
	EndGlobalSection
	GlobalSection(SolutionProperties) = preSolution
		HideSolutionNode = FALSE
	EndGlobalSection
	GlobalSection(NestedProjects) = preSolution
		{A55D284B-976A-0C82-910B-909765B5476A} = {FBF56CC3-7AE6-AD2D-3F14-7F97FD322CD6}
		{E260B43B-3194-43F3-99BF-373AAD46F6B7} = {A55D284B-976A-0C82-910B-909765B5476A}
		{BF9E48C0-540A-8659-238F-508DAA36C929} = {FBF56CC3-7AE6-AD2D-3F14-7F97FD322CD6}
		{8B6A0917-B862-4AF2-A437-0FEDEAABC951} = {BF9E48C0-540A-8659-238F-508DAA36C929}
		{E0C4294D-EE49-1C3B-E834-BB17C22D3D51} = {FBF56CC3-7AE6-AD2D-3F14-7F97FD322CD6}
		{3DC767B9-4881-4B87-9183-E48358E51772} = {E0C4294D-EE49-1C3B-E834-BB17C22D3D51}
		{FE6F03B7-E52A-C330-3B18-B788188019C7} = {DFEE68D8-A7D0-1A41-506C-9B74AA9A7B7B}
		{A904F47A-5547-4900-8648-0B6B57D54053} = {FE6F03B7-E52A-C330-3B18-B788188019C7}
		{E1A2C936-988A-4E77-B0FA-C4362CE35994} = {D82C56D6-B2CD-F611-9E31-04638F7EC30E}
		{21699561-E908-D62C-A7F1-F6B1F5EE9672} = {DFEE68D8-A7D0-1A41-506C-9B74AA9A7B7B}
		{4A9BD840-0183-4851-A4F2-DB8BD9A4950B} = {21699561-E908-D62C-A7F1-F6B1F5EE9672}
	EndGlobalSection
EndGlobal
